
Microsoft Visual Studio Solution File, Format Version 12.00
# Visual Studio 14
VisualStudioVersion = 14.0.25420.1
MinimumVisualStudioVersion = 10.0.40219.1
Project("{FAE04EC0-301F-11D3-BF4B-00C04F79EFBC}") = "List", "List\List.csproj", "{42B29016-785A-48A8-8E82-1C385706030C}"
EndProject
Project("{FAE04EC0-301F-11D3-BF4B-00C04F79EFBC}") = "ListTests", "ListTests\ListTests.csproj", "{FD7FF66F-F829-4CFC-A4AB-43F5A47E0A9A}"
EndProject
Global
	GlobalSection(SolutionConfigurationPlatforms) = preSolution
		Debug|Any CPU = Debug|Any CPU
		Release|Any CPU = Release|Any CPU
	EndGlobalSection
	GlobalSection(ProjectConfigurationPlatforms) = postSolution
		{42B29016-785A-48A8-8E82-1C385706030C}.Debug|Any CPU.ActiveCfg = Debug|Any CPU
		{42B29016-785A-48A8-8E82-1C385706030C}.Debug|Any CPU.Build.0 = Debug|Any CPU
		{42B29016-785A-48A8-8E82-1C385706030C}.Release|Any CPU.ActiveCfg = Release|Any CPU
		{42B29016-785A-48A8-8E82-1C385706030C}.Release|Any CPU.Build.0 = Release|Any CPU
		{FD7FF66F-F829-4CFC-A4AB-43F5A47E0A9A}.Debug|Any CPU.ActiveCfg = Debug|Any CPU
		{FD7FF66F-F829-4CFC-A4AB-43F5A47E0A9A}.Debug|Any CPU.Build.0 = Debug|Any CPU
		{FD7FF66F-F829-4CFC-A4AB-43F5A47E0A9A}.Release|Any CPU.ActiveCfg = Release|Any CPU
		{FD7FF66F-F829-4CFC-A4AB-43F5A47E0A9A}.Release|Any CPU.Build.0 = Release|Any CPU
	EndGlobalSection
	GlobalSection(SolutionProperties) = preSolution
		HideSolutionNode = FALSE
	EndGlobalSection
EndGlobal
